
Microsoft Visual Studio Solution File, Format Version 12.00
Project("{FAE04EC0-301F-11D3-BF4B-00C04F79EFBC}") = "AutoPunisher", "AutoPunisher.csproj", "{BE2170DF-B345-4D55-B109-FAC587FFEAE8}"
EndProject
Global
	GlobalSection(SolutionConfigurationPlatforms) = preSolution
		Debug|Any CPU = Debug|Any CPU
		Installer|Any CPU = Installer|Any CPU
		Release|Any CPU = Release|Any CPU
	EndGlobalSection
	GlobalSection(ProjectConfigurationPlatforms) = postSolution
		{BE2170DF-B345-4D55-B109-FAC587FFEAE8}.Debug|Any CPU.ActiveCfg = Debug|Any CPU
		{BE2170DF-B345-4D55-B109-FAC587FFEAE8}.Debug|Any CPU.Build.0 = Debug|Any CPU
		{BE2170DF-B345-4D55-B109-FAC587FFEAE8}.Installer|Any CPU.ActiveCfg = Installer|Any CPU
		{BE2170DF-B345-4D55-B109-FAC587FFEAE8}.Installer|Any CPU.Build.0 = Installer|Any CPU
		{BE2170DF-B345-4D55-B109-FAC587FFEAE8}.Release|Any CPU.ActiveCfg = Release|Any CPU
		{BE2170DF-B345-4D55-B109-FAC587FFEAE8}.Release|Any CPU.Build.0 = Release|Any CPU
	EndGlobalSection
EndGlobal
